
Microsoft Visual Studio Solution File, Format Version 12.00
# Visual Studio Version 17
VisualStudioVersion = 17.3.32901.215
MinimumVisualStudioVersion = 10.0.40219.1
Project("{2150E333-8FDC-42A3-9474-1A3956D46DE8}") = "Web.Core", "Web.Core", "{2D66838A-8415-4EE0-A10B-F61FA81DF89D}"
EndProject
Project("{2150E333-8FDC-42A3-9474-1A3956D46DE8}") = "Web.Framework", "Web.Framework", "{AAF035AA-3201-47B3-82A4-0467AE20FB85}"
EndProject
Project("{2150E333-8FDC-42A3-9474-1A3956D46DE8}") = "Web", "Web", "{0AB7D173-C94C-4C2F-8D8E-04EC72EDF909}"
EndProject
Project("{2150E333-8FDC-42A3-9474-1A3956D46DE8}") = "Public", "Public", "{2A6B933E-7188-498E-BAFE-6E547A89B7D6}"
EndProject
Project("{FAE04EC0-301F-11D3-BF4B-00C04F79EFBC}") = "Public.Database", "Public\Public.Database\Public.Database.csproj", "{CEFC9827-1E74-4A59-9351-E16496ABA8ED}"
EndProject
Project("{FAE04EC0-301F-11D3-BF4B-00C04F79EFBC}") = "Public.Repository", "Public\Public.Repository\Public.Repository.csproj", "{E71DF329-590F-4883-810A-62DEC00ADBBE}"
EndProject
Project("{2150E333-8FDC-42A3-9474-1A3956D46DE8}") = "Web.Framework.Site", "Web.Framework.Site", "{D186A1E3-7645-4413-A209-8DEE0261EB5E}"
EndProject
Project("{FAE04EC0-301F-11D3-BF4B-00C04F79EFBC}") = "Web.Framework.Site.Client", "Web\Web.Framework\Web.Framework.Site\Web.Framework.Site.Client\Web.Framework.Site.Client.csproj", "{C44F40D3-CB88-45CF-A10F-A2B0EB347118}"
EndProject
Project("{2150E333-8FDC-42A3-9474-1A3956D46DE8}") = "Web.Core.Site", "Web.Core.Site", "{E8E6283C-7C6A-405E-A8F0-CF1D189F8BDA}"
EndProject
Project("{9A19103F-16F7-4668-BE54-9A1E7A4F7556}") = "Web.Core.Site.Client", "Web\Web.Core\Web.Core.Site\Web.Core.Site.Client\Web.Core.Site.Client.csproj", "{084232BF-C2BE-4822-B84F-12CA255E137D}"
EndProject
Project("{FAE04EC0-301F-11D3-BF4B-00C04F79EFBC}") = "Web.Framework.Site.Server", "Web.Framework.Site\Web.Framework.Site.Server\Web.Framework.Site.Server.csproj", "{EA4F25E1-FAA3-4C2F-8FB1-8E440D675566}"
EndProject
Global
	GlobalSection(SolutionConfigurationPlatforms) = preSolution
		Debug|Any CPU = Debug|Any CPU
		Release|Any CPU = Release|Any CPU
	EndGlobalSection
	GlobalSection(ProjectConfigurationPlatforms) = postSolution
		{CEFC9827-1E74-4A59-9351-E16496ABA8ED}.Debug|Any CPU.ActiveCfg = Debug|Any CPU
		{CEFC9827-1E74-4A59-9351-E16496ABA8ED}.Debug|Any CPU.Build.0 = Debug|Any CPU
		{CEFC9827-1E74-4A59-9351-E16496ABA8ED}.Release|Any CPU.ActiveCfg = Release|Any CPU
		{CEFC9827-1E74-4A59-9351-E16496ABA8ED}.Release|Any CPU.Build.0 = Release|Any CPU
		{E71DF329-590F-4883-810A-62DEC00ADBBE}.Debug|Any CPU.ActiveCfg = Debug|Any CPU
		{E71DF329-590F-4883-810A-62DEC00ADBBE}.Debug|Any CPU.Build.0 = Debug|Any CPU
		{E71DF329-590F-4883-810A-62DEC00ADBBE}.Release|Any CPU.ActiveCfg = Release|Any CPU
		{E71DF329-590F-4883-810A-62DEC00ADBBE}.Release|Any CPU.Build.0 = Release|Any CPU
		{C44F40D3-CB88-45CF-A10F-A2B0EB347118}.Debug|Any CPU.ActiveCfg = Debug|Any CPU
		{C44F40D3-CB88-45CF-A10F-A2B0EB347118}.Debug|Any CPU.Build.0 = Debug|Any CPU
		{C44F40D3-CB88-45CF-A10F-A2B0EB347118}.Release|Any CPU.ActiveCfg = Release|Any CPU
		{C44F40D3-CB88-45CF-A10F-A2B0EB347118}.Release|Any CPU.Build.0 = Release|Any CPU
		{084232BF-C2BE-4822-B84F-12CA255E137D}.Debug|Any CPU.ActiveCfg = Debug|Any CPU
		{084232BF-C2BE-4822-B84F-12CA255E137D}.Debug|Any CPU.Build.0 = Debug|Any CPU
		{084232BF-C2BE-4822-B84F-12CA255E137D}.Release|Any CPU.ActiveCfg = Release|Any CPU
		{084232BF-C2BE-4822-B84F-12CA255E137D}.Release|Any CPU.Build.0 = Release|Any CPU
		{EA4F25E1-FAA3-4C2F-8FB1-8E440D675566}.Debug|Any CPU.ActiveCfg = Debug|Any CPU
		{EA4F25E1-FAA3-4C2F-8FB1-8E440D675566}.Debug|Any CPU.Build.0 = Debug|Any CPU
		{EA4F25E1-FAA3-4C2F-8FB1-8E440D675566}.Release|Any CPU.ActiveCfg = Release|Any CPU
		{EA4F25E1-FAA3-4C2F-8FB1-8E440D675566}.Release|Any CPU.Build.0 = Release|Any CPU
	EndGlobalSection
	GlobalSection(SolutionProperties) = preSolution
		HideSolutionNode = FALSE
	EndGlobalSection
	GlobalSection(NestedProjects) = preSolution
		{2D66838A-8415-4EE0-A10B-F61FA81DF89D} = {0AB7D173-C94C-4C2F-8D8E-04EC72EDF909}
		{AAF035AA-3201-47B3-82A4-0467AE20FB85} = {0AB7D173-C94C-4C2F-8D8E-04EC72EDF909}
		{CEFC9827-1E74-4A59-9351-E16496ABA8ED} = {2A6B933E-7188-498E-BAFE-6E547A89B7D6}
		{E71DF329-590F-4883-810A-62DEC00ADBBE} = {2A6B933E-7188-498E-BAFE-6E547A89B7D6}
		{D186A1E3-7645-4413-A209-8DEE0261EB5E} = {AAF035AA-3201-47B3-82A4-0467AE20FB85}
		{C44F40D3-CB88-45CF-A10F-A2B0EB347118} = {D186A1E3-7645-4413-A209-8DEE0261EB5E}
		{E8E6283C-7C6A-405E-A8F0-CF1D189F8BDA} = {2D66838A-8415-4EE0-A10B-F61FA81DF89D}
		{084232BF-C2BE-4822-B84F-12CA255E137D} = {E8E6283C-7C6A-405E-A8F0-CF1D189F8BDA}
		{EA4F25E1-FAA3-4C2F-8FB1-8E440D675566} = {D186A1E3-7645-4413-A209-8DEE0261EB5E}
	EndGlobalSection
	GlobalSection(ExtensibilityGlobals) = postSolution
		SolutionGuid = {91D3A762-096E-4C79-945F-519DA776FB1F}
	EndGlobalSection
EndGlobal
